
Microsoft Visual Studio Solution File, Format Version 12.00
# Visual Studio Version 17
VisualStudioVersion = 17.13.35931.197 d17.13
MinimumVisualStudioVersion = 10.0.40219.1
Project("{FAE04EC0-301F-11D3-BF4B-00C04F79EFBC}") = "DemoWebApp", "DemoWebApp\DemoWebApp.csproj", "{CC78FCC7-78AE-4176-BED6-17A1699FA58C}"
EndProject
Global
	GlobalSection(SolutionConfigurationPlatforms) = preSolution
		Debug|Any CPU = Debug|Any CPU
		Release|Any CPU = Release|Any CPU
	EndGlobalSection
	GlobalSection(ProjectConfigurationPlatforms) = postSolution
		{CC78FCC7-78AE-4176-BED6-17A1699FA58C}.Debug|Any CPU.ActiveCfg = Debug|Any CPU
		{CC78FCC7-78AE-4176-BED6-17A1699FA58C}.Debug|Any CPU.Build.0 = Debug|Any CPU
		{CC78FCC7-78AE-4176-BED6-17A1699FA58C}.Release|Any CPU.ActiveCfg = Release|Any CPU
		{CC78FCC7-78AE-4176-BED6-17A1699FA58C}.Release|Any CPU.Build.0 = Release|Any CPU
	EndGlobalSection
	GlobalSection(SolutionProperties) = preSolution
		HideSolutionNode = FALSE
	EndGlobalSection
	GlobalSection(ExtensibilityGlobals) = postSolution
		SolutionGuid = {17E47822-1D8C-4F4F-BF43-4690C74F21B0}
	EndGlobalSection
EndGlobal
